<?xml version="1.0" encoding="utf-8"?>
<Project ToolsVersion="4.0" xmlns="http://schemas.microsoft.com/developer/msbuild/2003">
  <ItemGroup>
    <Filter Include="Source Files">
      <UniqueIdentifier>{4FC737F1-C7A5-4376-A066-2A32D752A2FF}</UniqueIdentifier>
      <Extensions>cpp;c;cc;cxx;c++;def;odl;idl;hpj;bat;asm;asmx</Extensions>
    </Filter>
    <Filter Include="Shaders">
      <UniqueIdentifier>{0fed63e7-afe5-4431-b87a-bd4fb246f7e7}</UniqueIdentifier>
    </Filter>
  </ItemGroup>
  <ItemGroup>
    <ClCompile Include="main.cpp">
      <Filter>Source Files</Filter>
    </ClCompile>
    <ClCompile Include="Camera.cpp">
      <Filter>Source Files</Filter>
    </ClCompile>
    <ClCompile Include="Frustum.cpp">
      <Filter>Source Files</Filter>
    </ClCompile>
    <ClCompile Include="Player.cpp">
      <Filter>Source Files</Filter>
    </ClCompile>
    <ClCompile Include="World.cpp">
      <Filter>Source Files</Filter>
    </ClCompile>
  </ItemGroup>
  <ItemGroup>
    <None Include="Shaders\frag.spv">
      <Filter>Shaders</Filter>
    </None>
    <None Include="Shaders\vert.spv">
      <Filter>Shaders</Filter>
    </None>
    <None Include="shaders\compile.bat">
      <Filter>Shaders</Filter>
    </None>
    <None Include="shaders\shader.frag">
      <Filter>Shaders</Filter>
    </None>
    <None Include="shaders\shader.vert">
      <Filter>Shaders</Filter>
    </None>
  </ItemGroup>
  <ItemGroup>
    <ClInclude Include="glm.h">
      <Filter>Source Files</Filter>
    </ClInclude>
    <ClInclude Include="CloneCraftApp.h">
      <Filter>Source Files</Filter>
    </ClInclude>
    <ClInclude Include="Entity.h">
      <Filter>Source Files</Filter>
    </ClInclude>
    <ClInclude Include="MatrixFunctions.h">
      <Filter>Source Files</Filter>
    </ClInclude>
    <ClInclude Include="Camera.h">
      <Filter>Source Files</Filter>
    </ClInclude>
    <ClInclude Include="Frustum.h">
      <Filter>Source Files</Filter>
    </ClInclude>
    <ClInclude Include="AppConfig.h">
      <Filter>Source Files</Filter>
    </ClInclude>
    <ClInclude Include="Player.h">
      <Filter>Source Files</Filter>
    </ClInclude>
    <ClInclude Include="World.h">
      <Filter>Source Files</Filter>
    </ClInclude>
  </ItemGroup>
</Project>